
Microsoft Visual Studio Solution File, Format Version 12.00
# Visual Studio 15
VisualStudioVersion = 15.0.27703.2018
MinimumVisualStudioVersion = 10.0.40219.1
Project("{FAE04EC0-301F-11D3-BF4B-00C04F79EFBC}") = "SimpleSMSWebapp", "SimpleSMSWebapp\SimpleSMSWebapp.csproj", "{34745DE2-0951-4D2C-88F2-F3E3A5092902}"
EndProject
Project("{FAE04EC0-301F-11D3-BF4B-00C04F79EFBC}") = "ProjectBirthday", "ProjectBirthday\ProjectBirthday.csproj", "{2A2C1468-3F54-45F4-9F4A-021F562A4EAD}"
EndProject
Global
	GlobalSection(SolutionConfigurationPlatforms) = preSolution
		Debug|Any CPU = Debug|Any CPU
		Release|Any CPU = Release|Any CPU
	EndGlobalSection
	GlobalSection(ProjectConfigurationPlatforms) = postSolution
		{34745DE2-0951-4D2C-88F2-F3E3A5092902}.Debug|Any CPU.ActiveCfg = Debug|Any CPU
		{34745DE2-0951-4D2C-88F2-F3E3A5092902}.Debug|Any CPU.Build.0 = Debug|Any CPU
		{34745DE2-0951-4D2C-88F2-F3E3A5092902}.Release|Any CPU.ActiveCfg = Release|Any CPU
		{34745DE2-0951-4D2C-88F2-F3E3A5092902}.Release|Any CPU.Build.0 = Release|Any CPU
		{2A2C1468-3F54-45F4-9F4A-021F562A4EAD}.Debug|Any CPU.ActiveCfg = Debug|Any CPU
		{2A2C1468-3F54-45F4-9F4A-021F562A4EAD}.Debug|Any CPU.Build.0 = Debug|Any CPU
		{2A2C1468-3F54-45F4-9F4A-021F562A4EAD}.Release|Any CPU.ActiveCfg = Release|Any CPU
		{2A2C1468-3F54-45F4-9F4A-021F562A4EAD}.Release|Any CPU.Build.0 = Release|Any CPU
	EndGlobalSection
	GlobalSection(SolutionProperties) = preSolution
		HideSolutionNode = FALSE
	EndGlobalSection
	GlobalSection(ExtensibilityGlobals) = postSolution
		SolutionGuid = {1DA89598-6BE5-4E92-A185-619AC567F409}
	EndGlobalSection
EndGlobal
